
Microsoft Visual Studio Solution File, Format Version 12.00
# Visual Studio Version 17
VisualStudioVersion = 17.14.36203.30 d17.14
MinimumVisualStudioVersion = 10.0.40219.1
Project("{FAE04EC0-301F-11D3-BF4B-00C04F79EFBC}") = "PL", "Padeler\PL.csproj", "{0FE4CB88-5148-4663-8EFC-A1F4BF3641E2}"
EndProject
Project("{FAE04EC0-301F-11D3-BF4B-00C04F79EFBC}") = "BLL", "BLL\BLL.csproj", "{A1C02A27-FFD0-4DC6-9334-F7CCC79C416F}"
EndProject
Project("{FAE04EC0-301F-11D3-BF4B-00C04F79EFBC}") = "DAL", "DAL\DAL.csproj", "{A42BCF4A-B928-4420-B5C8-B62E07A523A4}"
EndProject
Project("{FAE04EC0-301F-11D3-BF4B-00C04F79EFBC}") = "EL", "EL\EL.csproj", "{9E39753C-5B4D-4A89-9C64-18236A1C9BB6}"
EndProject
Global
	GlobalSection(SolutionConfigurationPlatforms) = preSolution
		Debug|Any CPU = Debug|Any CPU
		Release|Any CPU = Release|Any CPU
	EndGlobalSection
	GlobalSection(ProjectConfigurationPlatforms) = postSolution
		{0FE4CB88-5148-4663-8EFC-A1F4BF3641E2}.Debug|Any CPU.ActiveCfg = Debug|Any CPU
		{0FE4CB88-5148-4663-8EFC-A1F4BF3641E2}.Debug|Any CPU.Build.0 = Debug|Any CPU
		{0FE4CB88-5148-4663-8EFC-A1F4BF3641E2}.Release|Any CPU.ActiveCfg = Release|Any CPU
		{0FE4CB88-5148-4663-8EFC-A1F4BF3641E2}.Release|Any CPU.Build.0 = Release|Any CPU
		{A1C02A27-FFD0-4DC6-9334-F7CCC79C416F}.Debug|Any CPU.ActiveCfg = Debug|Any CPU
		{A1C02A27-FFD0-4DC6-9334-F7CCC79C416F}.Debug|Any CPU.Build.0 = Debug|Any CPU
		{A1C02A27-FFD0-4DC6-9334-F7CCC79C416F}.Release|Any CPU.ActiveCfg = Release|Any CPU
		{A1C02A27-FFD0-4DC6-9334-F7CCC79C416F}.Release|Any CPU.Build.0 = Release|Any CPU
		{A42BCF4A-B928-4420-B5C8-B62E07A523A4}.Debug|Any CPU.ActiveCfg = Debug|Any CPU
		{A42BCF4A-B928-4420-B5C8-B62E07A523A4}.Debug|Any CPU.Build.0 = Debug|Any CPU
		{A42BCF4A-B928-4420-B5C8-B62E07A523A4}.Release|Any CPU.ActiveCfg = Release|Any CPU
		{A42BCF4A-B928-4420-B5C8-B62E07A523A4}.Release|Any CPU.Build.0 = Release|Any CPU
		{9E39753C-5B4D-4A89-9C64-18236A1C9BB6}.Debug|Any CPU.ActiveCfg = Debug|Any CPU
		{9E39753C-5B4D-4A89-9C64-18236A1C9BB6}.Debug|Any CPU.Build.0 = Debug|Any CPU
		{9E39753C-5B4D-4A89-9C64-18236A1C9BB6}.Release|Any CPU.ActiveCfg = Release|Any CPU
		{9E39753C-5B4D-4A89-9C64-18236A1C9BB6}.Release|Any CPU.Build.0 = Release|Any CPU
	EndGlobalSection
	GlobalSection(SolutionProperties) = preSolution
		HideSolutionNode = FALSE
	EndGlobalSection
	GlobalSection(ExtensibilityGlobals) = postSolution
		SolutionGuid = {98222D78-5D14-4112-9966-16C1BAE18C56}
	EndGlobalSection
EndGlobal
